# This file is autogenerated, do not edit; changes may be undone by the next 'dep ensure'.


[[projects]]
  name = "github.com/codegangsta/negroni"
  packages = ["."]
  revision = "a13766a8c2572caeb14341b7de158aff2fd00fa9"

[[projects]]
  branch = "master"
  name = "github.com/gfleury/go-bitbucket-v1"
  packages = ["."]
  revision = "3e6935e03f40ef4c2de9a7d9aafe71ae148f8181"

[[projects]]
  name = "github.com/globalsign/mgo"
  packages = [
    ".",
    "bson",
    "internal/json",
    "internal/sasl",
    "internal/scram"
  ]
  revision = "896bbb89d21253a28cd5a7f8b81fe091410cb94d"
  version = "r2017.01.15"

[[projects]]
  name = "github.com/golang/protobuf"
  packages = ["proto"]
  revision = "b5d812f8a3706043e23a9cd5babf2e5423744d30"
  version = "v1.3.1"

[[projects]]
  name = "github.com/google/gops"
  packages = [
    "agent",
    "internal",
    "signal"
  ]
  revision = "9fda3b87c7b32caeeb2974e7cc2e71e60a597fdf"
  version = "v0.3.6"

[[projects]]
  name = "github.com/gorilla/context"
  packages = ["."]
  revision = "708054d61e5a2918b9f4e9700000ee611dcf03f5"

[[projects]]
  name = "github.com/gorilla/mux"
  packages = ["."]
  revision = "4b8fbc56f3b2400a7c7ea3dba9b3539787c486b6"

[[projects]]
  name = "github.com/gorilla/pat"
  packages = ["."]
  revision = "ae2e162c4b2ae96aa66b596b2c18f17834299ed0"

[[projects]]
  name = "github.com/howeyc/fsnotify"
  packages = ["."]
  revision = "5102fde921d31f59c6e45d835aa01f0213aade0f"
  version = "v0.8.13"

[[projects]]
  branch = "master"
  name = "github.com/kardianos/osext"
  packages = ["."]
  revision = "2bc1f35cddc0cc527b4bc3dce8578fc2a6c11384"

[[projects]]
  name = "github.com/mitchellh/mapstructure"
  packages = ["."]
  revision = "00c29f56e2386353d58c599509e8dc3801b0d716"

[[projects]]
  name = "github.com/pkg/errors"
  packages = ["."]
  revision = "ba968bfe8b2f7e042a574c888954fccecfa385b4"
  version = "v0.8.1"

[[projects]]
  name = "github.com/tsuru/commandmocker"
  packages = ["."]
  revision = "88d44c8794279d20089055df94e1dfacb7381091"

[[projects]]
  name = "github.com/tsuru/config"
  packages = ["."]
  revision = "cedd0ae4817d94ddda2b1320f3a8c9154c4d0d57"

[[projects]]
  name = "github.com/tsuru/tsuru"
  packages = [
    "errors",
    "fs",
    "fs/fstest",
    "log",
    "safe"
  ]
  revision = "a82ea117fbee4144bc79cd1fdb74f522eee45ae9"

[[projects]]
  name = "golang.org/x/crypto"
  packages = ["ssh"]
  revision = "1fbbd62cfec66bd39d91e97749579579d4d3037e"

[[projects]]
  branch = "master"
  name = "golang.org/x/net"
  packages = [
    "context",
    "context/ctxhttp"
  ]
  revision = "1492cefac77f61bc789c00f41ead8f8d7307cd21"

[[projects]]
  branch = "master"
  name = "golang.org/x/oauth2"
  packages = [
    ".",
    "internal"
  ]
  revision = "0f29369cfe4552d0e4bcddc57cc75f4d7e672a33"

[[projects]]
  name = "google.golang.org/appengine"
  packages = [
    "internal",
    "internal/base",
    "internal/datastore",
    "internal/log",
    "internal/remote_api",
    "internal/urlfetch",
    "urlfetch"
  ]
  revision = "b2f4a3cf3c67576a2ee09e1fe62656a5086ce880"
  version = "v1.6.1"

[[projects]]
  name = "gopkg.in/check.v1"
  packages = ["."]
  revision = "64131543e7896d5bcc6bd5a76287eb75ea96c673"

[[projects]]
  name = "gopkg.in/yaml.v1"
  packages = ["."]
  revision = "4914593b9558e85597f08346c798aea8f6fb899f"

[solve-meta]
  analyzer-name = "dep"
  analyzer-version = 1
  inputs-digest = "bf68551a1fb59bf39dd31ddfb332a7a9a252b22e9723e281a210d86350d68736"
  solver-name = "gps-cdcl"
  solver-version = 1
